
Microsoft Visual Studio Solution File, Format Version 12.00
# Visual Studio Version 16
VisualStudioVersion = 16.0.30114.105
MinimumVisualStudioVersion = 10.0.40219.1
Project("{F2A71F9B-5D33-465A-A702-920D77279786}") = "App", "App\App.fsproj", "{C1747C69-7BE4-444F-A622-9EC54325B878}"
EndProject
Global
	GlobalSection(SolutionConfigurationPlatforms) = preSolution
		Debug|Any CPU = Debug|Any CPU
		Release|Any CPU = Release|Any CPU
	EndGlobalSection
	GlobalSection(SolutionProperties) = preSolution
		HideSolutionNode = FALSE
	EndGlobalSection
	GlobalSection(ProjectConfigurationPlatforms) = postSolution
		{C1747C69-7BE4-444F-A622-9EC54325B878}.Debug|Any CPU.ActiveCfg = Debug|Any CPU
		{C1747C69-7BE4-444F-A622-9EC54325B878}.Debug|Any CPU.Build.0 = Debug|Any CPU
		{C1747C69-7BE4-444F-A622-9EC54325B878}.Release|Any CPU.ActiveCfg = Release|Any CPU
		{C1747C69-7BE4-444F-A622-9EC54325B878}.Release|Any CPU.Build.0 = Release|Any CPU
		{BC2D8132-F8E2-4978-AF8D-05C5874EEE40}.Debug|Any CPU.ActiveCfg = Debug|Any CPU
		{BC2D8132-F8E2-4978-AF8D-05C5874EEE40}.Debug|Any CPU.Build.0 = Debug|Any CPU
		{BC2D8132-F8E2-4978-AF8D-05C5874EEE40}.Release|Any CPU.ActiveCfg = Release|Any CPU
		{BC2D8132-F8E2-4978-AF8D-05C5874EEE40}.Release|Any CPU.Build.0 = Release|Any CPU
		{C12301A3-4BE5-4D9A-AA44-40DE7B29237B}.Debug|Any CPU.ActiveCfg = Debug|Any CPU
		{C12301A3-4BE5-4D9A-AA44-40DE7B29237B}.Debug|Any CPU.Build.0 = Debug|Any CPU
		{C12301A3-4BE5-4D9A-AA44-40DE7B29237B}.Release|Any CPU.ActiveCfg = Release|Any CPU
		{C12301A3-4BE5-4D9A-AA44-40DE7B29237B}.Release|Any CPU.Build.0 = Release|Any CPU
	EndGlobalSection
EndGlobal
